
Microsoft Visual Studio Solution File, Format Version 12.00
# Visual Studio Version 16
VisualStudioVersion = 16.0.32106.194
MinimumVisualStudioVersion = 10.0.40219.1
Project("{FAE04EC0-301F-11D3-BF4B-00C04F79EFBC}") = "AznConverterApi", "AznConverterApi\AznConverterApi.csproj", "{2606C1B5-C39A-4F46-941B-06FDBB2F7828}"
EndProject
Global
	GlobalSection(SolutionConfigurationPlatforms) = preSolution
		Debug|Any CPU = Debug|Any CPU
		Release|Any CPU = Release|Any CPU
	EndGlobalSection
	GlobalSection(ProjectConfigurationPlatforms) = postSolution
		{2606C1B5-C39A-4F46-941B-06FDBB2F7828}.Debug|Any CPU.ActiveCfg = Debug|Any CPU
		{2606C1B5-C39A-4F46-941B-06FDBB2F7828}.Debug|Any CPU.Build.0 = Debug|Any CPU
		{2606C1B5-C39A-4F46-941B-06FDBB2F7828}.Release|Any CPU.ActiveCfg = Release|Any CPU
		{2606C1B5-C39A-4F46-941B-06FDBB2F7828}.Release|Any CPU.Build.0 = Release|Any CPU
	EndGlobalSection
	GlobalSection(SolutionProperties) = preSolution
		HideSolutionNode = FALSE
	EndGlobalSection
	GlobalSection(ExtensibilityGlobals) = postSolution
		SolutionGuid = {1D71ACCB-6DF1-4226-94FF-2F4627F1699F}
	EndGlobalSection
EndGlobal
